
Microsoft Visual Studio Solution File, Format Version 12.00
# Visual Studio Version 16
VisualStudioVersion = 16.0.30523.141
MinimumVisualStudioVersion = 10.0.40219.1
Project("{FAE04EC0-301F-11D3-BF4B-00C04F79EFBC}") = "CapaPresentacionASPMVC", "CapaPresentacionASPMVC\CapaPresentacionASPMVC.csproj", "{441BCBDB-BDD8-4C63-A925-F2C7033C1968}"
EndProject
Project("{2150E333-8FDC-42A3-9474-1A3956D46DE8}") = "Capas", "Capas", "{D9FEEE99-A324-49EB-ABD9-CD3952E33A4A}"
EndProject
Project("{2150E333-8FDC-42A3-9474-1A3956D46DE8}") = "1.Presentación", "1.Presentación", "{81F80031-5C12-4FAF-A0E4-E96490BC7C31}"
EndProject
Project("{2150E333-8FDC-42A3-9474-1A3956D46DE8}") = "2.Servicios", "2.Servicios", "{33C896C3-1A39-4575-8825-CDD4DC59CC2D}"
EndProject
Project("{2150E333-8FDC-42A3-9474-1A3956D46DE8}") = "3.Dominio", "3.Dominio", "{6892C94F-2341-40CC-B8AB-595306D91AB6}"
EndProject
Project("{2150E333-8FDC-42A3-9474-1A3956D46DE8}") = "4.Infraestructura", "4.Infraestructura", "{27A86CE4-F339-4120-9B48-89BE48BB3BEB}"
EndProject
Project("{2150E333-8FDC-42A3-9474-1A3956D46DE8}") = "Web", "Web", "{82EA225B-0339-46BB-8221-C9AF62D1664A}"
EndProject
Project("{2150E333-8FDC-42A3-9474-1A3956D46DE8}") = "ASP.NET MVC", "ASP.NET MVC", "{99D51E0A-0370-4DD2-A5F5-C6BEB2141586}"
EndProject
Project("{2150E333-8FDC-42A3-9474-1A3956D46DE8}") = "Core", "Core", "{94010EC7-890E-447B-A7AD-90C78203E7E5}"
EndProject
Project("{2150E333-8FDC-42A3-9474-1A3956D46DE8}") = "MainModule", "MainModule", "{4AFC6118-8CF6-4904-B6C7-98BAC34EAC88}"
EndProject
Project("{2150E333-8FDC-42A3-9474-1A3956D46DE8}") = "Data", "Data", "{5FF1766F-C964-4E8C-8F95-7B9FEAD35AA4}"
EndProject
Project("{FAE04EC0-301F-11D3-BF4B-00C04F79EFBC}") = "Dominio.Core.Entities", "Dominio.Core.Entities\Dominio.Core.Entities.csproj", "{B1C2413D-9811-4351-A322-2A24A9766ECF}"
EndProject
Project("{FAE04EC0-301F-11D3-BF4B-00C04F79EFBC}") = "Infraestructura.Data.SqlServer", "Infraestructura.Data.SqlServer\Infraestructura.Data.SqlServer.csproj", "{8B212F26-49D2-41B9-A584-DE46FB78C0F3}"
EndProject
Project("{FAE04EC0-301F-11D3-BF4B-00C04F79EFBC}") = "Dominio.MainModule", "Dominio.MainModule\Dominio.MainModule.csproj", "{B5D98731-4C16-4F4E-A59D-06FDAE654972}"
EndProject
Global
	GlobalSection(SolutionConfigurationPlatforms) = preSolution
		Debug|Any CPU = Debug|Any CPU
		Release|Any CPU = Release|Any CPU
	EndGlobalSection
	GlobalSection(ProjectConfigurationPlatforms) = postSolution
		{441BCBDB-BDD8-4C63-A925-F2C7033C1968}.Debug|Any CPU.ActiveCfg = Debug|Any CPU
		{441BCBDB-BDD8-4C63-A925-F2C7033C1968}.Debug|Any CPU.Build.0 = Debug|Any CPU
		{441BCBDB-BDD8-4C63-A925-F2C7033C1968}.Release|Any CPU.ActiveCfg = Release|Any CPU
		{441BCBDB-BDD8-4C63-A925-F2C7033C1968}.Release|Any CPU.Build.0 = Release|Any CPU
		{B1C2413D-9811-4351-A322-2A24A9766ECF}.Debug|Any CPU.ActiveCfg = Debug|Any CPU
		{B1C2413D-9811-4351-A322-2A24A9766ECF}.Debug|Any CPU.Build.0 = Debug|Any CPU
		{B1C2413D-9811-4351-A322-2A24A9766ECF}.Release|Any CPU.ActiveCfg = Release|Any CPU
		{B1C2413D-9811-4351-A322-2A24A9766ECF}.Release|Any CPU.Build.0 = Release|Any CPU
		{8B212F26-49D2-41B9-A584-DE46FB78C0F3}.Debug|Any CPU.ActiveCfg = Debug|Any CPU
		{8B212F26-49D2-41B9-A584-DE46FB78C0F3}.Debug|Any CPU.Build.0 = Debug|Any CPU
		{8B212F26-49D2-41B9-A584-DE46FB78C0F3}.Release|Any CPU.ActiveCfg = Release|Any CPU
		{8B212F26-49D2-41B9-A584-DE46FB78C0F3}.Release|Any CPU.Build.0 = Release|Any CPU
		{B5D98731-4C16-4F4E-A59D-06FDAE654972}.Debug|Any CPU.ActiveCfg = Debug|Any CPU
		{B5D98731-4C16-4F4E-A59D-06FDAE654972}.Debug|Any CPU.Build.0 = Debug|Any CPU
		{B5D98731-4C16-4F4E-A59D-06FDAE654972}.Release|Any CPU.ActiveCfg = Release|Any CPU
		{B5D98731-4C16-4F4E-A59D-06FDAE654972}.Release|Any CPU.Build.0 = Release|Any CPU
	EndGlobalSection
	GlobalSection(SolutionProperties) = preSolution
		HideSolutionNode = FALSE
	EndGlobalSection
	GlobalSection(NestedProjects) = preSolution
		{441BCBDB-BDD8-4C63-A925-F2C7033C1968} = {99D51E0A-0370-4DD2-A5F5-C6BEB2141586}
		{81F80031-5C12-4FAF-A0E4-E96490BC7C31} = {D9FEEE99-A324-49EB-ABD9-CD3952E33A4A}
		{33C896C3-1A39-4575-8825-CDD4DC59CC2D} = {D9FEEE99-A324-49EB-ABD9-CD3952E33A4A}
		{6892C94F-2341-40CC-B8AB-595306D91AB6} = {D9FEEE99-A324-49EB-ABD9-CD3952E33A4A}
		{27A86CE4-F339-4120-9B48-89BE48BB3BEB} = {D9FEEE99-A324-49EB-ABD9-CD3952E33A4A}
		{82EA225B-0339-46BB-8221-C9AF62D1664A} = {81F80031-5C12-4FAF-A0E4-E96490BC7C31}
		{99D51E0A-0370-4DD2-A5F5-C6BEB2141586} = {82EA225B-0339-46BB-8221-C9AF62D1664A}
		{94010EC7-890E-447B-A7AD-90C78203E7E5} = {6892C94F-2341-40CC-B8AB-595306D91AB6}
		{4AFC6118-8CF6-4904-B6C7-98BAC34EAC88} = {6892C94F-2341-40CC-B8AB-595306D91AB6}
		{5FF1766F-C964-4E8C-8F95-7B9FEAD35AA4} = {27A86CE4-F339-4120-9B48-89BE48BB3BEB}
		{B1C2413D-9811-4351-A322-2A24A9766ECF} = {94010EC7-890E-447B-A7AD-90C78203E7E5}
		{8B212F26-49D2-41B9-A584-DE46FB78C0F3} = {5FF1766F-C964-4E8C-8F95-7B9FEAD35AA4}
		{B5D98731-4C16-4F4E-A59D-06FDAE654972} = {4AFC6118-8CF6-4904-B6C7-98BAC34EAC88}
	EndGlobalSection
	GlobalSection(ExtensibilityGlobals) = postSolution
		SolutionGuid = {385FB652-10EA-42F8-9006-640B0F25D33D}
	EndGlobalSection
EndGlobal
